
Microsoft Visual Studio Solution File, Format Version 12.00
# Visual Studio 15
VisualStudioVersion = 15.0.28307.271
MinimumVisualStudioVersion = 10.0.40219.1
Project("{FAE04EC0-301F-11D3-BF4B-00C04F79EFBC}") = "SpotifyApp", "SpotifyApp\SpotifyApp.csproj", "{2BE3626C-050C-4120-889B-DF2026415188}"
EndProject
Global
	GlobalSection(SolutionConfigurationPlatforms) = preSolution
		Debug|Any CPU = Debug|Any CPU
		Release|Any CPU = Release|Any CPU
	EndGlobalSection
	GlobalSection(ProjectConfigurationPlatforms) = postSolution
		{2BE3626C-050C-4120-889B-DF2026415188}.Debug|Any CPU.ActiveCfg = Debug|Any CPU
		{2BE3626C-050C-4120-889B-DF2026415188}.Debug|Any CPU.Build.0 = Debug|Any CPU
		{2BE3626C-050C-4120-889B-DF2026415188}.Release|Any CPU.ActiveCfg = Release|Any CPU
		{2BE3626C-050C-4120-889B-DF2026415188}.Release|Any CPU.Build.0 = Release|Any CPU
	EndGlobalSection
	GlobalSection(SolutionProperties) = preSolution
		HideSolutionNode = FALSE
	EndGlobalSection
	GlobalSection(ExtensibilityGlobals) = postSolution
		SolutionGuid = {8B2DEC3E-4143-4E3F-90B1-EED96F5B113D}
	EndGlobalSection
EndGlobal
